
Microsoft Visual Studio Solution File, Format Version 12.00
# Visual Studio 2013
VisualStudioVersion = 12.0.21005.1
MinimumVisualStudioVersion = 10.0.40219.1
Project("{FAE04EC0-301F-11D3-BF4B-00C04F79EFBC}") = "JobLineAPI", "JobLineAPI\JobLineAPI.csproj", "{41FFEA5C-AE66-4028-BB0C-8E1F95E0DAB2}"
EndProject
Project("{FAE04EC0-301F-11D3-BF4B-00C04F79EFBC}") = "JobLineBUS", "JobLineService\JobLineBUS.csproj", "{4F4856DA-D1A7-4EDA-9D18-DCE69ECF6CAC}"
EndProject
Project("{FAE04EC0-301F-11D3-BF4B-00C04F79EFBC}") = "JobLineDAL", "JobLineDAL\JobLineDAL.csproj", "{CF49B135-E46C-4DD9-A503-C8053C54A40B}"
EndProject
Global
	GlobalSection(SolutionConfigurationPlatforms) = preSolution
		Debug|Any CPU = Debug|Any CPU
		Release|Any CPU = Release|Any CPU
	EndGlobalSection
	GlobalSection(ProjectConfigurationPlatforms) = postSolution
		{41FFEA5C-AE66-4028-BB0C-8E1F95E0DAB2}.Debug|Any CPU.ActiveCfg = Debug|Any CPU
		{41FFEA5C-AE66-4028-BB0C-8E1F95E0DAB2}.Debug|Any CPU.Build.0 = Debug|Any CPU
		{41FFEA5C-AE66-4028-BB0C-8E1F95E0DAB2}.Release|Any CPU.ActiveCfg = Release|Any CPU
		{41FFEA5C-AE66-4028-BB0C-8E1F95E0DAB2}.Release|Any CPU.Build.0 = Release|Any CPU
		{4F4856DA-D1A7-4EDA-9D18-DCE69ECF6CAC}.Debug|Any CPU.ActiveCfg = Debug|Any CPU
		{4F4856DA-D1A7-4EDA-9D18-DCE69ECF6CAC}.Debug|Any CPU.Build.0 = Debug|Any CPU
		{4F4856DA-D1A7-4EDA-9D18-DCE69ECF6CAC}.Release|Any CPU.ActiveCfg = Release|Any CPU
		{4F4856DA-D1A7-4EDA-9D18-DCE69ECF6CAC}.Release|Any CPU.Build.0 = Release|Any CPU
		{CF49B135-E46C-4DD9-A503-C8053C54A40B}.Debug|Any CPU.ActiveCfg = Debug|Any CPU
		{CF49B135-E46C-4DD9-A503-C8053C54A40B}.Debug|Any CPU.Build.0 = Debug|Any CPU
		{CF49B135-E46C-4DD9-A503-C8053C54A40B}.Release|Any CPU.ActiveCfg = Release|Any CPU
		{CF49B135-E46C-4DD9-A503-C8053C54A40B}.Release|Any CPU.Build.0 = Release|Any CPU
	EndGlobalSection
	GlobalSection(SolutionProperties) = preSolution
		HideSolutionNode = FALSE
	EndGlobalSection
EndGlobal
